{
  "name": "integration-test",
  "version": "1.0.0",
  "lockfileVersion": 3,
  "requires": true,
  "packages": {
    "": {
      "name": "integration-test",
      "version": "1.0.0",
      "license": "ISC",
      "devDependencies": {
        "@qytera/bruno-xray-plugin": "file:../../../../dist"
      }
    },
    "../../../../dist": {
      "version": "0.0.7",
      "dev": true,
      "license": "MIT",
      "dependencies": {
        "@oclif/core": "^4.0.32",
        "ansi-colors": "^4.1.3",
        "csv-parse": "^5.6.0"
      },
      "bin": {
        "bruno-xray-plugin": "src/bin/run.js"
      },
      "devDependencies": {
        "@types/node": "^22.10.5",
        "@usebruno/cli": "^1.38.3",
        "eslint": "^9.17.0",
        "eslint-plugin-perfectionist": "^4.6.0",
        "oclif": "^4.17.10",
        "prettier": "^3.4.2",
        "shx": "^0.3.4",
        "ts-node": "^10.9.2",
        "typescript": "^5.7.3",
        "typescript-eslint": "^8.19.1"
      }
    },
    "node_modules/@qytera/bruno-xray-plugin": {
      "resolved": "../../../../dist",
      "link": true
    }
  }
}
